
Microsoft Visual Studio Solution File, Format Version 12.00
# Visual Studio Version 17
VisualStudioVersion = 17.2.32210.308
MinimumVisualStudioVersion = 10.0.40219.1
Project("{FAE04EC0-301F-11D3-BF4B-00C04F79EFBC}") = "ModernStandbyFix", "ModernStandbyFix\ModernStandbyFix.csproj", "{6FE483D4-AB27-4F6F-AC21-BDD3C4D911FF}"
EndProject
Global
	GlobalSection(SolutionConfigurationPlatforms) = preSolution
		Debug|Any CPU = Debug|Any CPU
		Release|Any CPU = Release|Any CPU
	EndGlobalSection
	GlobalSection(ProjectConfigurationPlatforms) = postSolution
		{6FE483D4-AB27-4F6F-AC21-BDD3C4D911FF}.Debug|Any CPU.ActiveCfg = Debug|Any CPU
		{6FE483D4-AB27-4F6F-AC21-BDD3C4D911FF}.Debug|Any CPU.Build.0 = Debug|Any CPU
		{6FE483D4-AB27-4F6F-AC21-BDD3C4D911FF}.Release|Any CPU.ActiveCfg = Release|Any CPU
		{6FE483D4-AB27-4F6F-AC21-BDD3C4D911FF}.Release|Any CPU.Build.0 = Release|Any CPU
	EndGlobalSection
	GlobalSection(SolutionProperties) = preSolution
		HideSolutionNode = FALSE
	EndGlobalSection
	GlobalSection(ExtensibilityGlobals) = postSolution
		SolutionGuid = {9071006B-C771-4D76-AE54-DB3CAE579E44}
	EndGlobalSection
EndGlobal
